
Microsoft Visual Studio Solution File, Format Version 12.00
# Visual Studio Version 17
VisualStudioVersion = 17.3.32929.385
MinimumVisualStudioVersion = 10.0.40219.1
Project("{FAE04EC0-301F-11D3-BF4B-00C04F79EFBC}") = "CrudOperations", "CrudOperations\CrudOperations.csproj", "{D3B98402-DA37-46BE-A32F-3F9AD4315A40}"
EndProject
Global
	GlobalSection(SolutionConfigurationPlatforms) = preSolution
		Debug|Any CPU = Debug|Any CPU
		Release|Any CPU = Release|Any CPU
	EndGlobalSection
	GlobalSection(ProjectConfigurationPlatforms) = postSolution
		{D3B98402-DA37-46BE-A32F-3F9AD4315A40}.Debug|Any CPU.ActiveCfg = Debug|Any CPU
		{D3B98402-DA37-46BE-A32F-3F9AD4315A40}.Debug|Any CPU.Build.0 = Debug|Any CPU
		{D3B98402-DA37-46BE-A32F-3F9AD4315A40}.Release|Any CPU.ActiveCfg = Release|Any CPU
		{D3B98402-DA37-46BE-A32F-3F9AD4315A40}.Release|Any CPU.Build.0 = Release|Any CPU
	EndGlobalSection
	GlobalSection(SolutionProperties) = preSolution
		HideSolutionNode = FALSE
	EndGlobalSection
	GlobalSection(ExtensibilityGlobals) = postSolution
		SolutionGuid = {AD5AE8D5-A79C-4156-9545-EB1B76D84B76}
	EndGlobalSection
EndGlobal
